// !$*UTF8*$!
{
	archiveVersion = 1;
	classes = {
	};
	objectVersion = 56;
	objects = {

/* Begin PBXBuildFile section */
		D300B39C2AC6BA2900CA7F3B /* AlbumInfoView.swift in Sources */ = {isa = PBXBuildFile; fileRef = D300B39B2AC6BA2900CA7F3B /* AlbumInfoView.swift */; };
		D300B39E2AC76E1E00CA7F3B /* ImageViewModel.swift in Sources */ = {isa = PBXBuildFile; fileRef = D300B39D2AC76E1E00CA7F3B /* ImageViewModel.swift */; };
		D326654D2AFC493200A098A6 /* SearchUserBarView.swift in Sources */ = {isa = PBXBuildFile; fileRef = D326654C2AFC493200A098A6 /* SearchUserBarView.swift */; };
		D326654F2AFC497100A098A6 /* ProfileDisplayView.swift in Sources */ = {isa = PBXBuildFile; fileRef = D326654E2AFC497100A098A6 /* ProfileDisplayView.swift */; };
		D32665522AFCAEF100A098A6 /* AddMembersView.swift in Sources */ = {isa = PBXBuildFile; fileRef = D32665512AFCAEF100A098A6 /* AddMembersView.swift */; };
		D32665542AFCAF3C00A098A6 /* CreateAlbumView.swift in Sources */ = {isa = PBXBuildFile; fileRef = D32665532AFCAF3C00A098A6 /* CreateAlbumView.swift */; };
		D32665592AFCB04700A098A6 /* SignUpView.swift in Sources */ = {isa = PBXBuildFile; fileRef = D32665582AFCB04700A098A6 /* SignUpView.swift */; };
		D326655C2AFCB11D00A098A6 /* RotatingDotAnimationView.swift in Sources */ = {isa = PBXBuildFile; fileRef = D326655B2AFCB11D00A098A6 /* RotatingDotAnimationView.swift */; };
		D326655E2AFCB15C00A098A6 /* AlbumPickerView.swift in Sources */ = {isa = PBXBuildFile; fileRef = D326655D2AFCB15C00A098A6 /* AlbumPickerView.swift */; };
		D33287DA2B0DC9D0008D1F45 /* SlideShowViewModel.swift in Sources */ = {isa = PBXBuildFile; fileRef = D33287D92B0DC9D0008D1F45 /* SlideShowViewModel.swift */; };
		D33287DC2B1831AD008D1F45 /* CarouselView.swift in Sources */ = {isa = PBXBuildFile; fileRef = D33287DB2B1831AD008D1F45 /* CarouselView.swift */; };
		D33287E42B1EF65A008D1F45 /* Message.swift in Sources */ = {isa = PBXBuildFile; fileRef = D33287E32B1EF65A008D1F45 /* Message.swift */; };
		D33287E92B1EF713008D1F45 /* MessageBubble.swift in Sources */ = {isa = PBXBuildFile; fileRef = D33287E82B1EF713008D1F45 /* MessageBubble.swift */; };
		D33287EB2B1EF741008D1F45 /* MessageField.swift in Sources */ = {isa = PBXBuildFile; fileRef = D33287EA2B1EF741008D1F45 /* MessageField.swift */; };
		D33287ED2B1EF7C9008D1F45 /* MessagesService.swift in Sources */ = {isa = PBXBuildFile; fileRef = D33287EC2B1EF7C9008D1F45 /* MessagesService.swift */; };
		D33287EF2B1EF8CB008D1F45 /* MessagesView.swift in Sources */ = {isa = PBXBuildFile; fileRef = D33287EE2B1EF8CB008D1F45 /* MessagesView.swift */; };
		D33287F32B226750008D1F45 /* Chillax-Regular.otf in Resources */ = {isa = PBXBuildFile; fileRef = D33287F22B226750008D1F45 /* Chillax-Regular.otf */; };
		D33287FB2B2270A7008D1F45 /* Chillax-Medium.otf in Resources */ = {isa = PBXBuildFile; fileRef = D33287FA2B2270A7008D1F45 /* Chillax-Medium.otf */; };
		D33287FD2B22BF8A008D1F45 /* BackgroundView.swift in Sources */ = {isa = PBXBuildFile; fileRef = D33287FC2B22BF8A008D1F45 /* BackgroundView.swift */; };
		D33287FF2B24314A008D1F45 /* Barrbar-DOKOR.otf in Resources */ = {isa = PBXBuildFile; fileRef = D33287FE2B24314A008D1F45 /* Barrbar-DOKOR.otf */; };
		D33288012B26A51B008D1F45 /* GoogleService-Info.plist in Resources */ = {isa = PBXBuildFile; fileRef = D33288002B26A51B008D1F45 /* GoogleService-Info.plist */; };
		D33D9F3A2A9D2A1A00498EA2 /* authandsearch2App.swift in Sources */ = {isa = PBXBuildFile; fileRef = D33D9F392A9D2A1A00498EA2 /* authandsearch2App.swift */; };
		D33D9F3C2A9D2A1A00498EA2 /* ContentView.swift in Sources */ = {isa = PBXBuildFile; fileRef = D33D9F3B2A9D2A1A00498EA2 /* ContentView.swift */; };
		D33D9F3E2A9D2A1C00498EA2 /* Assets.xcassets in Resources */ = {isa = PBXBuildFile; fileRef = D33D9F3D2A9D2A1C00498EA2 /* Assets.xcassets */; };
		D33D9F412A9D2A1C00498EA2 /* Preview Assets.xcassets in Resources */ = {isa = PBXBuildFile; fileRef = D33D9F402A9D2A1C00498EA2 /* Preview Assets.xcassets */; };
		D33D9F4B2A9D2A4600498EA2 /* User.swift in Sources */ = {isa = PBXBuildFile; fileRef = D33D9F4A2A9D2A4600498EA2 /* User.swift */; };
		D33D9F4D2A9D2A6200498EA2 /* UserService.swift in Sources */ = {isa = PBXBuildFile; fileRef = D33D9F4C2A9D2A6200498EA2 /* UserService.swift */; };
		D33D9F512A9D2AE300498EA2 /* AuthenticationView.swift in Sources */ = {isa = PBXBuildFile; fileRef = D33D9F502A9D2AE300498EA2 /* AuthenticationView.swift */; };
		D33D9F562A9D2C6E00498EA2 /* FirebaseAuth in Frameworks */ = {isa = PBXBuildFile; productRef = D33D9F552A9D2C6E00498EA2 /* FirebaseAuth */; };
		D33D9F582A9D2C6E00498EA2 /* FirebaseFirestore in Frameworks */ = {isa = PBXBuildFile; productRef = D33D9F572A9D2C6E00498EA2 /* FirebaseFirestore */; };
		D33D9F5A2A9D2C6E00498EA2 /* FirebaseFirestoreSwift in Frameworks */ = {isa = PBXBuildFile; productRef = D33D9F592A9D2C6E00498EA2 /* FirebaseFirestoreSwift */; };
		D33D9F5E2A9D3F4800498EA2 /* UsersLookupViewModel.swift in Sources */ = {isa = PBXBuildFile; fileRef = D33D9F5D2A9D3F4800498EA2 /* UsersLookupViewModel.swift */; };
		D33D9F602AA072FB00498EA2 /* Album.swift in Sources */ = {isa = PBXBuildFile; fileRef = D33D9F5F2AA072FB00498EA2 /* Album.swift */; };
		D33D9F622AA078E700498EA2 /* AlbumService.swift in Sources */ = {isa = PBXBuildFile; fileRef = D33D9F612AA078E700498EA2 /* AlbumService.swift */; };
		D33D9F692AA2BE2500498EA2 /* HomeView.swift in Sources */ = {isa = PBXBuildFile; fileRef = D33D9F682AA2BE2500498EA2 /* HomeView.swift */; };
		D3539BE42AABE43D008FB64B /* FirebaseStorage in Frameworks */ = {isa = PBXBuildFile; productRef = D3539BE32AABE43D008FB64B /* FirebaseStorage */; };
		D3539BE92AAC0005008FB64B /* PostService.swift in Sources */ = {isa = PBXBuildFile; fileRef = D3539BE82AAC0005008FB64B /* PostService.swift */; };
		D3601ECE2B01CC8E007DCCDB /* SignInView.swift in Sources */ = {isa = PBXBuildFile; fileRef = D3601ECD2B01CC8E007DCCDB /* SignInView.swift */; };
		D38DF04B2AA7167F0001EADD /* Post.swift in Sources */ = {isa = PBXBuildFile; fileRef = D38DF04A2AA7167F0001EADD /* Post.swift */; };
		D38DF04D2AAAF2510001EADD /* CameraService.swift in Sources */ = {isa = PBXBuildFile; fileRef = D38DF04C2AAAF2510001EADD /* CameraService.swift */; };
		D38DF04F2AAAF37C0001EADD /* CameraView.swift in Sources */ = {isa = PBXBuildFile; fileRef = D38DF04E2AAAF37C0001EADD /* CameraView.swift */; };
		D3A096DE2AF36D6600859604 /* PopupViewModifier.swift in Sources */ = {isa = PBXBuildFile; fileRef = D3A096DD2AF36D6600859604 /* PopupViewModifier.swift */; };
		D3A096E92AF96A3400859604 /* EditAlbumView.swift in Sources */ = {isa = PBXBuildFile; fileRef = D3A096E82AF96A3300859604 /* EditAlbumView.swift */; };
		D3B4CF4A2B02A57C003C66DD /* AuthViewModel.swift in Sources */ = {isa = PBXBuildFile; fileRef = D3B4CF492B02A57B003C66DD /* AuthViewModel.swift */; };
		D3B4CF5D2B035A12003C66DD /* AlbumViewModel.swift in Sources */ = {isa = PBXBuildFile; fileRef = D3B4CF5C2B035A12003C66DD /* AlbumViewModel.swift */; };
		D3B4CF622B042BAC003C66DD /* CheckMembersView.swift in Sources */ = {isa = PBXBuildFile; fileRef = D3B4CF612B042BAC003C66DD /* CheckMembersView.swift */; };
		D3DF7B262AFC0692008A292E /* View+Modifiers.swift in Sources */ = {isa = PBXBuildFile; fileRef = D3DF7B252AFC0692008A292E /* View+Modifiers.swift */; };
		D3DF7B2A2AFC2D9D008A292E /* PhotoGridView.swift in Sources */ = {isa = PBXBuildFile; fileRef = D3DF7B292AFC2D9D008A292E /* PhotoGridView.swift */; };
		D3DF7B2C2AFC2E00008A292E /* UserGridView.swift in Sources */ = {isa = PBXBuildFile; fileRef = D3DF7B2B2AFC2E00008A292E /* UserGridView.swift */; };
		D3DF7B2E2AFC2E52008A292E /* ImageDetailView.swift in Sources */ = {isa = PBXBuildFile; fileRef = D3DF7B2D2AFC2E52008A292E /* ImageDetailView.swift */; };
		D3DF7B312AFC2F94008A292E /* QRCodeView.swift in Sources */ = {isa = PBXBuildFile; fileRef = D3DF7B302AFC2F94008A292E /* QRCodeView.swift */; };
		D3DF7B342AFC30C8008A292E /* RoundedCorner.swift in Sources */ = {isa = PBXBuildFile; fileRef = D3DF7B332AFC30C8008A292E /* RoundedCorner.swift */; };
		D3DF7B3A2AFC3B00008A292E /* CustomBackButton+Modifiers.swift in Sources */ = {isa = PBXBuildFile; fileRef = D3DF7B392AFC3B00008A292E /* CustomBackButton+Modifiers.swift */; };
		D3F5B0CD2AC7C544007CCC0E /* EditProfileView.swift in Sources */ = {isa = PBXBuildFile; fileRef = D3F5B0CC2AC7C544007CCC0E /* EditProfileView.swift */; };
		D3F5B0CF2AC7C575007CCC0E /* MainTabbedView.swift in Sources */ = {isa = PBXBuildFile; fileRef = D3F5B0CE2AC7C575007CCC0E /* MainTabbedView.swift */; };
		D3F5B0D12AC7F7CD007CCC0E /* ImagePicker.swift in Sources */ = {isa = PBXBuildFile; fileRef = D3F5B0D02AC7F7CD007CCC0E /* ImagePicker.swift */; };
		D3F5B0D32AC81373007CCC0E /* ProfileView.swift in Sources */ = {isa = PBXBuildFile; fileRef = D3F5B0D22AC81373007CCC0E /* ProfileView.swift */; };
		D3F5B0D52ACA3DDD007CCC0E /* AlbumSlideshowView.swift in Sources */ = {isa = PBXBuildFile; fileRef = D3F5B0D42ACA3DDD007CCC0E /* AlbumSlideshowView.swift */; };
		D3F5B0DD2AD5D905007CCC0E /* Kingfisher in Frameworks */ = {isa = PBXBuildFile; productRef = D3F5B0DC2AD5D905007CCC0E /* Kingfisher */; };
		D3F5B0EB2AE37E0D007CCC0E /* Colors.swift in Sources */ = {isa = PBXBuildFile; fileRef = D3F5B0EA2AE37E0D007CCC0E /* Colors.swift */; };
/* End PBXBuildFile section */

/* Begin PBXFileReference section */
		D300B39B2AC6BA2900CA7F3B /* AlbumInfoView.swift */ = {isa = PBXFileReference; lastKnownFileType = sourcecode.swift; path = AlbumInfoView.swift; sourceTree = "<group>"; };
		D300B39D2AC76E1E00CA7F3B /* ImageViewModel.swift */ = {isa = PBXFileReference; lastKnownFileType = sourcecode.swift; path = ImageViewModel.swift; sourceTree = "<group>"; };
		D326654C2AFC493200A098A6 /* SearchUserBarView.swift */ = {isa = PBXFileReference; lastKnownFileType = sourcecode.swift; path = SearchUserBarView.swift; sourceTree = "<group>"; };
		D326654E2AFC497100A098A6 /* ProfileDisplayView.swift */ = {isa = PBXFileReference; lastKnownFileType = sourcecode.swift; path = ProfileDisplayView.swift; sourceTree = "<group>"; };
		D32665512AFCAEF100A098A6 /* AddMembersView.swift */ = {isa = PBXFileReference; lastKnownFileType = sourcecode.swift; path = AddMembersView.swift; sourceTree = "<group>"; };
		D32665532AFCAF3C00A098A6 /* CreateAlbumView.swift */ = {isa = PBXFileReference; lastKnownFileType = sourcecode.swift; path = CreateAlbumView.swift; sourceTree = "<group>"; };
		D32665582AFCB04700A098A6 /* SignUpView.swift */ = {isa = PBXFileReference; lastKnownFileType = sourcecode.swift; path = SignUpView.swift; sourceTree = "<group>"; };
		D326655B2AFCB11D00A098A6 /* RotatingDotAnimationView.swift */ = {isa = PBXFileReference; lastKnownFileType = sourcecode.swift; path = RotatingDotAnimationView.swift; sourceTree = "<group>"; };
		D326655D2AFCB15C00A098A6 /* AlbumPickerView.swift */ = {isa = PBXFileReference; lastKnownFileType = sourcecode.swift; path = AlbumPickerView.swift; sourceTree = "<group>"; };
		D33287D92B0DC9D0008D1F45 /* SlideShowViewModel.swift */ = {isa = PBXFileReference; lastKnownFileType = sourcecode.swift; path = SlideShowViewModel.swift; sourceTree = "<group>"; };
		D33287DB2B1831AD008D1F45 /* CarouselView.swift */ = {isa = PBXFileReference; lastKnownFileType = sourcecode.swift; path = CarouselView.swift; sourceTree = "<group>"; };
		D33287E32B1EF65A008D1F45 /* Message.swift */ = {isa = PBXFileReference; lastKnownFileType = sourcecode.swift; path = Message.swift; sourceTree = "<group>"; };
		D33287E82B1EF713008D1F45 /* MessageBubble.swift */ = {isa = PBXFileReference; lastKnownFileType = sourcecode.swift; path = MessageBubble.swift; sourceTree = "<group>"; };
		D33287EA2B1EF741008D1F45 /* MessageField.swift */ = {isa = PBXFileReference; lastKnownFileType = sourcecode.swift; path = MessageField.swift; sourceTree = "<group>"; };
		D33287EC2B1EF7C9008D1F45 /* MessagesService.swift */ = {isa = PBXFileReference; lastKnownFileType = sourcecode.swift; path = MessagesService.swift; sourceTree = "<group>"; };
		D33287EE2B1EF8CB008D1F45 /* MessagesView.swift */ = {isa = PBXFileReference; lastKnownFileType = sourcecode.swift; path = MessagesView.swift; sourceTree = "<group>"; };
		D33287F22B226750008D1F45 /* Chillax-Regular.otf */ = {isa = PBXFileReference; lastKnownFileType = file; path = "Chillax-Regular.otf"; sourceTree = "<group>"; };
		D33287F42B2267F9008D1F45 /* Info.plist */ = {isa = PBXFileReference; lastKnownFileType = text.plist; path = Info.plist; sourceTree = "<group>"; };
		D33287FA2B2270A7008D1F45 /* Chillax-Medium.otf */ = {isa = PBXFileReference; lastKnownFileType = file; path = "Chillax-Medium.otf"; sourceTree = "<group>"; };
		D33287FC2B22BF8A008D1F45 /* BackgroundView.swift */ = {isa = PBXFileReference; lastKnownFileType = sourcecode.swift; path = BackgroundView.swift; sourceTree = "<group>"; };
		D33287FE2B24314A008D1F45 /* Barrbar-DOKOR.otf */ = {isa = PBXFileReference; lastKnownFileType = file; path = "Barrbar-DOKOR.otf"; sourceTree = "<group>"; };
		D33288002B26A51B008D1F45 /* GoogleService-Info.plist */ = {isa = PBXFileReference; fileEncoding = 4; lastKnownFileType = text.plist.xml; name = "GoogleService-Info.plist"; path = "../../../Desktop/Googleservice/GoogleService-Info.plist"; sourceTree = "<group>"; };
		D33D9F362A9D2A1A00498EA2 /* Last Night.app */ = {isa = PBXFileReference; explicitFileType = wrapper.application; includeInIndex = 0; path = "Last Night.app"; sourceTree = BUILT_PRODUCTS_DIR; };
		D33D9F392A9D2A1A00498EA2 /* authandsearch2App.swift */ = {isa = PBXFileReference; lastKnownFileType = sourcecode.swift; path = authandsearch2App.swift; sourceTree = "<group>"; };
		D33D9F3B2A9D2A1A00498EA2 /* ContentView.swift */ = {isa = PBXFileReference; lastKnownFileType = sourcecode.swift; path = ContentView.swift; sourceTree = "<group>"; };
		D33D9F3D2A9D2A1C00498EA2 /* Assets.xcassets */ = {isa = PBXFileReference; lastKnownFileType = folder.assetcatalog; path = Assets.xcassets; sourceTree = "<group>"; };
		D33D9F402A9D2A1C00498EA2 /* Preview Assets.xcassets */ = {isa = PBXFileReference; lastKnownFileType = folder.assetcatalog; path = "Preview Assets.xcassets"; sourceTree = "<group>"; };
		D33D9F4A2A9D2A4600498EA2 /* User.swift */ = {isa = PBXFileReference; lastKnownFileType = sourcecode.swift; path = User.swift; sourceTree = "<group>"; };
		D33D9F4C2A9D2A6200498EA2 /* UserService.swift */ = {isa = PBXFileReference; lastKnownFileType = sourcecode.swift; path = UserService.swift; sourceTree = "<group>"; };
		D33D9F502A9D2AE300498EA2 /* AuthenticationView.swift */ = {isa = PBXFileReference; lastKnownFileType = sourcecode.swift; path = AuthenticationView.swift; sourceTree = "<group>"; };
		D33D9F5D2A9D3F4800498EA2 /* UsersLookupViewModel.swift */ = {isa = PBXFileReference; lastKnownFileType = sourcecode.swift; path = UsersLookupViewModel.swift; sourceTree = "<group>"; };
		D33D9F5F2AA072FB00498EA2 /* Album.swift */ = {isa = PBXFileReference; lastKnownFileType = sourcecode.swift; path = Album.swift; sourceTree = "<group>"; };
		D33D9F612AA078E700498EA2 /* AlbumService.swift */ = {isa = PBXFileReference; lastKnownFileType = sourcecode.swift; path = AlbumService.swift; sourceTree = "<group>"; };
		D33D9F682AA2BE2500498EA2 /* HomeView.swift */ = {isa = PBXFileReference; lastKnownFileType = sourcecode.swift; path = HomeView.swift; sourceTree = "<group>"; };
		D3539BE82AAC0005008FB64B /* PostService.swift */ = {isa = PBXFileReference; lastKnownFileType = sourcecode.swift; path = PostService.swift; sourceTree = "<group>"; };
		D3601ECD2B01CC8E007DCCDB /* SignInView.swift */ = {isa = PBXFileReference; lastKnownFileType = sourcecode.swift; path = SignInView.swift; sourceTree = "<group>"; };
		D38DF04A2AA7167F0001EADD /* Post.swift */ = {isa = PBXFileReference; lastKnownFileType = sourcecode.swift; path = Post.swift; sourceTree = "<group>"; };
		D38DF04C2AAAF2510001EADD /* CameraService.swift */ = {isa = PBXFileReference; lastKnownFileType = sourcecode.swift; path = CameraService.swift; sourceTree = "<group>"; };
		D38DF04E2AAAF37C0001EADD /* CameraView.swift */ = {isa = PBXFileReference; lastKnownFileType = sourcecode.swift; path = CameraView.swift; sourceTree = "<group>"; };
		D3A096DD2AF36D6600859604 /* PopupViewModifier.swift */ = {isa = PBXFileReference; lastKnownFileType = sourcecode.swift; path = PopupViewModifier.swift; sourceTree = "<group>"; };
		D3A096E82AF96A3300859604 /* EditAlbumView.swift */ = {isa = PBXFileReference; lastKnownFileType = sourcecode.swift; path = EditAlbumView.swift; sourceTree = "<group>"; };
		D3B4CF492B02A57B003C66DD /* AuthViewModel.swift */ = {isa = PBXFileReference; lastKnownFileType = sourcecode.swift; path = AuthViewModel.swift; sourceTree = "<group>"; };
		D3B4CF5C2B035A12003C66DD /* AlbumViewModel.swift */ = {isa = PBXFileReference; lastKnownFileType = sourcecode.swift; path = AlbumViewModel.swift; sourceTree = "<group>"; };
		D3B4CF612B042BAC003C66DD /* CheckMembersView.swift */ = {isa = PBXFileReference; lastKnownFileType = sourcecode.swift; path = CheckMembersView.swift; sourceTree = "<group>"; };
		D3DF7B252AFC0692008A292E /* View+Modifiers.swift */ = {isa = PBXFileReference; lastKnownFileType = sourcecode.swift; path = "View+Modifiers.swift"; sourceTree = "<group>"; };
		D3DF7B292AFC2D9D008A292E /* PhotoGridView.swift */ = {isa = PBXFileReference; lastKnownFileType = sourcecode.swift; path = PhotoGridView.swift; sourceTree = "<group>"; };
		D3DF7B2B2AFC2E00008A292E /* UserGridView.swift */ = {isa = PBXFileReference; lastKnownFileType = sourcecode.swift; path = UserGridView.swift; sourceTree = "<group>"; };
		D3DF7B2D2AFC2E52008A292E /* ImageDetailView.swift */ = {isa = PBXFileReference; lastKnownFileType = sourcecode.swift; path = ImageDetailView.swift; sourceTree = "<group>"; };
		D3DF7B302AFC2F94008A292E /* QRCodeView.swift */ = {isa = PBXFileReference; lastKnownFileType = sourcecode.swift; path = QRCodeView.swift; sourceTree = "<group>"; };
		D3DF7B332AFC30C8008A292E /* RoundedCorner.swift */ = {isa = PBXFileReference; lastKnownFileType = sourcecode.swift; path = RoundedCorner.swift; sourceTree = "<group>"; };
		D3DF7B392AFC3B00008A292E /* CustomBackButton+Modifiers.swift */ = {isa = PBXFileReference; lastKnownFileType = sourcecode.swift; path = "CustomBackButton+Modifiers.swift"; sourceTree = "<group>"; };
		D3F5B0CC2AC7C544007CCC0E /* EditProfileView.swift */ = {isa = PBXFileReference; lastKnownFileType = sourcecode.swift; path = EditProfileView.swift; sourceTree = "<group>"; };
		D3F5B0CE2AC7C575007CCC0E /* MainTabbedView.swift */ = {isa = PBXFileReference; lastKnownFileType = sourcecode.swift; path = MainTabbedView.swift; sourceTree = "<group>"; };
		D3F5B0D02AC7F7CD007CCC0E /* ImagePicker.swift */ = {isa = PBXFileReference; lastKnownFileType = sourcecode.swift; path = ImagePicker.swift; sourceTree = "<group>"; };
		D3F5B0D22AC81373007CCC0E /* ProfileView.swift */ = {isa = PBXFileReference; lastKnownFileType = sourcecode.swift; path = ProfileView.swift; sourceTree = "<group>"; };
		D3F5B0D42ACA3DDD007CCC0E /* AlbumSlideshowView.swift */ = {isa = PBXFileReference; lastKnownFileType = sourcecode.swift; path = AlbumSlideshowView.swift; sourceTree = "<group>"; };
		D3F5B0EA2AE37E0D007CCC0E /* Colors.swift */ = {isa = PBXFileReference; lastKnownFileType = sourcecode.swift; path = Colors.swift; sourceTree = "<group>"; };
/* End PBXFileReference section */

/* Begin PBXFrameworksBuildPhase section */
		D33D9F332A9D2A1A00498EA2 /* Frameworks */ = {
			isa = PBXFrameworksBuildPhase;
			buildActionMask = 2147483647;
			files = (
				D3F5B0DD2AD5D905007CCC0E /* Kingfisher in Frameworks */,
				D33D9F562A9D2C6E00498EA2 /* FirebaseAuth in Frameworks */,
				D3539BE42AABE43D008FB64B /* FirebaseStorage in Frameworks */,
				D33D9F582A9D2C6E00498EA2 /* FirebaseFirestore in Frameworks */,
				D33D9F5A2A9D2C6E00498EA2 /* FirebaseFirestoreSwift in Frameworks */,
			);
			runOnlyForDeploymentPostprocessing = 0;
		};
/* End PBXFrameworksBuildPhase section */

/* Begin PBXGroup section */
		D32665502AFC4A4900A098A6 /* SearchUser */ = {
			isa = PBXGroup;
			children = (
				D326654C2AFC493200A098A6 /* SearchUserBarView.swift */,
				D326654E2AFC497100A098A6 /* ProfileDisplayView.swift */,
			);
			path = SearchUser;
			sourceTree = "<group>";
		};
		D32665552AFCAFCB00A098A6 /* Auth */ = {
			isa = PBXGroup;
			children = (
				D3B4CF5B2B0359DF003C66DD /* ViewModel */,
				D33D9F502A9D2AE300498EA2 /* AuthenticationView.swift */,
				D32665582AFCB04700A098A6 /* SignUpView.swift */,
				D3601ECD2B01CC8E007DCCDB /* SignInView.swift */,
			);
			path = Auth;
			sourceTree = "<group>";
		};
		D326655A2AFCB09F00A098A6 /* Camera */ = {
			isa = PBXGroup;
			children = (
				D38DF04E2AAAF37C0001EADD /* CameraView.swift */,
				D326655B2AFCB11D00A098A6 /* RotatingDotAnimationView.swift */,
				D326655D2AFCB15C00A098A6 /* AlbumPickerView.swift */,
			);
			path = Camera;
			sourceTree = "<group>";
		};
		D33287D82B0DC9A7008D1F45 /* ViewModel */ = {
			isa = PBXGroup;
			children = (
				D33287D92B0DC9D0008D1F45 /* SlideShowViewModel.swift */,
			);
			path = ViewModel;
			sourceTree = "<group>";
		};
		D33287E52B1EF6C3008D1F45 /* Messages */ = {
			isa = PBXGroup;
			children = (
				D33287E82B1EF713008D1F45 /* MessageBubble.swift */,
				D33287EA2B1EF741008D1F45 /* MessageField.swift */,
			);
			path = Messages;
			sourceTree = "<group>";
		};
		D33287F02B2266CF008D1F45 /* Fonts */ = {
			isa = PBXGroup;
			children = (
				D33287FA2B2270A7008D1F45 /* Chillax-Medium.otf */,
				D33287F22B226750008D1F45 /* Chillax-Regular.otf */,
				D33287FE2B24314A008D1F45 /* Barrbar-DOKOR.otf */,
			);
			path = Fonts;
			sourceTree = "<group>";
		};
		D33D9F2D2A9D2A1A00498EA2 = {
			isa = PBXGroup;
			children = (
				D33D9F382A9D2A1A00498EA2 /* Last Night */,
				D33D9F372A9D2A1A00498EA2 /* Products */,
				D3539BE22AABE43D008FB64B /* Frameworks */,
			);
			sourceTree = "<group>";
		};
		D33D9F372A9D2A1A00498EA2 /* Products */ = {
			isa = PBXGroup;
			children = (
				D33D9F362A9D2A1A00498EA2 /* Last Night.app */,
			);
			name = Products;
			sourceTree = "<group>";
		};
		D33D9F382A9D2A1A00498EA2 /* Last Night */ = {
			isa = PBXGroup;
			children = (
				D33287F42B2267F9008D1F45 /* Info.plist */,
				D33287F02B2266CF008D1F45 /* Fonts */,
				D33D9F392A9D2A1A00498EA2 /* authandsearch2App.swift */,
				D3DF7B242AFC065C008A292E /* Extensions */,
				D3539BE52AABF938008FB64B /* Components */,
				D33D9F492A9D2A3600498EA2 /* Models */,
				D33D9F482A9D2A2E00498EA2 /* Services */,
				D33D9F472A9D2A2700498EA2 /* Views */,
				D33D9F3B2A9D2A1A00498EA2 /* ContentView.swift */,
				D3F5B0CE2AC7C575007CCC0E /* MainTabbedView.swift */,
				D33D9F3D2A9D2A1C00498EA2 /* Assets.xcassets */,
				D33288002B26A51B008D1F45 /* GoogleService-Info.plist */,
				D33D9F3F2A9D2A1C00498EA2 /* Preview Content */,
			);
			path = "Last Night";
			sourceTree = "<group>";
		};
		D33D9F3F2A9D2A1C00498EA2 /* Preview Content */ = {
			isa = PBXGroup;
			children = (
				D33D9F402A9D2A1C00498EA2 /* Preview Assets.xcassets */,
			);
			path = "Preview Content";
			sourceTree = "<group>";
		};
		D33D9F472A9D2A2700498EA2 /* Views */ = {
			isa = PBXGroup;
			children = (
				D3DF7B272AFC0C1D008A292E /* Profile */,
				D33D9F632AA07F6300498EA2 /* Album */,
				D326655A2AFCB09F00A098A6 /* Camera */,
				D32665552AFCAFCB00A098A6 /* Auth */,
			);
			path = Views;
			sourceTree = "<group>";
		};
		D33D9F482A9D2A2E00498EA2 /* Services */ = {
			isa = PBXGroup;
			children = (
				D33D9F4C2A9D2A6200498EA2 /* UserService.swift */,
				D33D9F5D2A9D3F4800498EA2 /* UsersLookupViewModel.swift */,
				D33D9F612AA078E700498EA2 /* AlbumService.swift */,
				D38DF04C2AAAF2510001EADD /* CameraService.swift */,
				D3539BE82AAC0005008FB64B /* PostService.swift */,
				D300B39D2AC76E1E00CA7F3B /* ImageViewModel.swift */,
				D33287EC2B1EF7C9008D1F45 /* MessagesService.swift */,
			);
			path = Services;
			sourceTree = "<group>";
		};
		D33D9F492A9D2A3600498EA2 /* Models */ = {
			isa = PBXGroup;
			children = (
				D33D9F4A2A9D2A4600498EA2 /* User.swift */,
				D33D9F5F2AA072FB00498EA2 /* Album.swift */,
				D38DF04A2AA7167F0001EADD /* Post.swift */,
				D33287E32B1EF65A008D1F45 /* Message.swift */,
			);
			path = Models;
			sourceTree = "<group>";
		};
		D33D9F632AA07F6300498EA2 /* Album */ = {
			isa = PBXGroup;
			children = (
				D3B4CF5A2B0359CC003C66DD /* ViewModel */,
				D3B4CF592B0359A9003C66DD /* CreateAlbum */,
				D3DF7B282AFC2D77008A292E /* Slideshow */,
				D33D9F682AA2BE2500498EA2 /* HomeView.swift */,
				D33287EE2B1EF8CB008D1F45 /* MessagesView.swift */,
				D300B39B2AC6BA2900CA7F3B /* AlbumInfoView.swift */,
				D3A096E82AF96A3300859604 /* EditAlbumView.swift */,
			);
			path = Album;
			sourceTree = "<group>";
		};
		D3539BE22AABE43D008FB64B /* Frameworks */ = {
			isa = PBXGroup;
			children = (
			);
			name = Frameworks;
			sourceTree = "<group>";
		};
		D3539BE52AABF938008FB64B /* Components */ = {
			isa = PBXGroup;
			children = (
				D33287E52B1EF6C3008D1F45 /* Messages */,
				D3DF7B322AFC30B5008A292E /* Shapes */,
				D3DF7B2F2AFC2EFB008A292E /* Objects */,
				D3A096DC2AF36D3800859604 /* Popup */,
				D3F5B0E92AE37DFE007CCC0E /* Utils */,
			);
			path = Components;
			sourceTree = "<group>";
		};
		D3A096DC2AF36D3800859604 /* Popup */ = {
			isa = PBXGroup;
			children = (
				D3A096DD2AF36D6600859604 /* PopupViewModifier.swift */,
			);
			path = Popup;
			sourceTree = "<group>";
		};
		D3B4CF592B0359A9003C66DD /* CreateAlbum */ = {
			isa = PBXGroup;
			children = (
				D32665512AFCAEF100A098A6 /* AddMembersView.swift */,
				D32665532AFCAF3C00A098A6 /* CreateAlbumView.swift */,
				D3B4CF612B042BAC003C66DD /* CheckMembersView.swift */,
			);
			path = CreateAlbum;
			sourceTree = "<group>";
		};
		D3B4CF5A2B0359CC003C66DD /* ViewModel */ = {
			isa = PBXGroup;
			children = (
				D3B4CF5C2B035A12003C66DD /* AlbumViewModel.swift */,
			);
			path = ViewModel;
			sourceTree = "<group>";
		};
		D3B4CF5B2B0359DF003C66DD /* ViewModel */ = {
			isa = PBXGroup;
			children = (
				D3B4CF492B02A57B003C66DD /* AuthViewModel.swift */,
			);
			path = ViewModel;
			sourceTree = "<group>";
		};
		D3DF7B242AFC065C008A292E /* Extensions */ = {
			isa = PBXGroup;
			children = (
				D3DF7B252AFC0692008A292E /* View+Modifiers.swift */,
				D3DF7B392AFC3B00008A292E /* CustomBackButton+Modifiers.swift */,
			);
			path = Extensions;
			sourceTree = "<group>";
		};
		D3DF7B272AFC0C1D008A292E /* Profile */ = {
			isa = PBXGroup;
			children = (
				D32665502AFC4A4900A098A6 /* SearchUser */,
				D3F5B0CC2AC7C544007CCC0E /* EditProfileView.swift */,
				D3F5B0D22AC81373007CCC0E /* ProfileView.swift */,
			);
			path = Profile;
			sourceTree = "<group>";
		};
		D3DF7B282AFC2D77008A292E /* Slideshow */ = {
			isa = PBXGroup;
			children = (
				D33287D82B0DC9A7008D1F45 /* ViewModel */,
				D3F5B0D42ACA3DDD007CCC0E /* AlbumSlideshowView.swift */,
				D33287DB2B1831AD008D1F45 /* CarouselView.swift */,
				D3DF7B292AFC2D9D008A292E /* PhotoGridView.swift */,
				D3DF7B2B2AFC2E00008A292E /* UserGridView.swift */,
				D3DF7B2D2AFC2E52008A292E /* ImageDetailView.swift */,
			);
			path = Slideshow;
			sourceTree = "<group>";
		};
		D3DF7B2F2AFC2EFB008A292E /* Objects */ = {
			isa = PBXGroup;
			children = (
				D3F5B0D02AC7F7CD007CCC0E /* ImagePicker.swift */,
				D3DF7B302AFC2F94008A292E /* QRCodeView.swift */,
				D33287FC2B22BF8A008D1F45 /* BackgroundView.swift */,
			);
			path = Objects;
			sourceTree = "<group>";
		};
		D3DF7B322AFC30B5008A292E /* Shapes */ = {
			isa = PBXGroup;
			children = (
				D3DF7B332AFC30C8008A292E /* RoundedCorner.swift */,
			);
			path = Shapes;
			sourceTree = "<group>";
		};
		D3F5B0E92AE37DFE007CCC0E /* Utils */ = {
			isa = PBXGroup;
			children = (
				D3F5B0EA2AE37E0D007CCC0E /* Colors.swift */,
			);
			path = Utils;
			sourceTree = "<group>";
		};
/* End PBXGroup section */

/* Begin PBXNativeTarget section */
		D33D9F352A9D2A1A00498EA2 /* Last Night */ = {
			isa = PBXNativeTarget;
			buildConfigurationList = D33D9F442A9D2A1C00498EA2 /* Build configuration list for PBXNativeTarget "Last Night" */;
			buildPhases = (
				D33D9F322A9D2A1A00498EA2 /* Sources */,
				D33D9F332A9D2A1A00498EA2 /* Frameworks */,
				D33D9F342A9D2A1A00498EA2 /* Resources */,
			);
			buildRules = (
			);
			dependencies = (
			);
			name = "Last Night";
			packageProductDependencies = (
				D33D9F552A9D2C6E00498EA2 /* FirebaseAuth */,
				D33D9F572A9D2C6E00498EA2 /* FirebaseFirestore */,
				D33D9F592A9D2C6E00498EA2 /* FirebaseFirestoreSwift */,
				D3539BE32AABE43D008FB64B /* FirebaseStorage */,
				D3F5B0DC2AD5D905007CCC0E /* Kingfisher */,
			);
			productName = authandsearch2;
			productReference = D33D9F362A9D2A1A00498EA2 /* Last Night.app */;
			productType = "com.apple.product-type.application";
		};
/* End PBXNativeTarget section */

/* Begin PBXProject section */
		D33D9F2E2A9D2A1A00498EA2 /* Project object */ = {
			isa = PBXProject;
			attributes = {
				BuildIndependentTargetsInParallel = 1;
				LastSwiftUpdateCheck = 1430;
				LastUpgradeCheck = 1430;
				TargetAttributes = {
					D33D9F352A9D2A1A00498EA2 = {
						CreatedOnToolsVersion = 14.3.1;
					};
				};
			};
			buildConfigurationList = D33D9F312A9D2A1A00498EA2 /* Build configuration list for PBXProject "Last Night" */;
			compatibilityVersion = "Xcode 14.0";
			developmentRegion = en;
			hasScannedForEncodings = 0;
			knownRegions = (
				en,
				Base,
			);
			mainGroup = D33D9F2D2A9D2A1A00498EA2;
			packageReferences = (
				D33D9F542A9D2C6E00498EA2 /* XCRemoteSwiftPackageReference "firebase-ios-sdk" */,
				D3F5B0D82AD0A8AE007CCC0E /* XCRemoteSwiftPackageReference "swiftui-drawer" */,
				D3F5B0DB2AD5D905007CCC0E /* XCRemoteSwiftPackageReference "Kingfisher" */,
			);
			productRefGroup = D33D9F372A9D2A1A00498EA2 /* Products */;
			projectDirPath = "";
			projectRoot = "";
			targets = (
				D33D9F352A9D2A1A00498EA2 /* Last Night */,
			);
		};
/* End PBXProject section */

/* Begin PBXResourcesBuildPhase section */
		D33D9F342A9D2A1A00498EA2 /* Resources */ = {
			isa = PBXResourcesBuildPhase;
			buildActionMask = 2147483647;
			files = (
				D33287FF2B24314A008D1F45 /* Barrbar-DOKOR.otf in Resources */,
				D33D9F412A9D2A1C00498EA2 /* Preview Assets.xcassets in Resources */,
				D33287F32B226750008D1F45 /* Chillax-Regular.otf in Resources */,
				D33287FB2B2270A7008D1F45 /* Chillax-Medium.otf in Resources */,
				D33D9F3E2A9D2A1C00498EA2 /* Assets.xcassets in Resources */,
				D33288012B26A51B008D1F45 /* GoogleService-Info.plist in Resources */,
			);
			runOnlyForDeploymentPostprocessing = 0;
		};
/* End PBXResourcesBuildPhase section */

/* Begin PBXSourcesBuildPhase section */
		D33D9F322A9D2A1A00498EA2 /* Sources */ = {
			isa = PBXSourcesBuildPhase;
			buildActionMask = 2147483647;
			files = (
				D300B39C2AC6BA2900CA7F3B /* AlbumInfoView.swift in Sources */,
				D326654F2AFC497100A098A6 /* ProfileDisplayView.swift in Sources */,
				D326655C2AFCB11D00A098A6 /* RotatingDotAnimationView.swift in Sources */,
				D3DF7B2E2AFC2E52008A292E /* ImageDetailView.swift in Sources */,
				D3F5B0EB2AE37E0D007CCC0E /* Colors.swift in Sources */,
				D3DF7B312AFC2F94008A292E /* QRCodeView.swift in Sources */,
				D33D9F622AA078E700498EA2 /* AlbumService.swift in Sources */,
				D33287EB2B1EF741008D1F45 /* MessageField.swift in Sources */,
				D33D9F3C2A9D2A1A00498EA2 /* ContentView.swift in Sources */,
				D33287ED2B1EF7C9008D1F45 /* MessagesService.swift in Sources */,
				D3DF7B2C2AFC2E00008A292E /* UserGridView.swift in Sources */,
				D300B39E2AC76E1E00CA7F3B /* ImageViewModel.swift in Sources */,
				D33D9F5E2A9D3F4800498EA2 /* UsersLookupViewModel.swift in Sources */,
				D326654D2AFC493200A098A6 /* SearchUserBarView.swift in Sources */,
				D3539BE92AAC0005008FB64B /* PostService.swift in Sources */,
				D38DF04B2AA7167F0001EADD /* Post.swift in Sources */,
				D3F5B0D52ACA3DDD007CCC0E /* AlbumSlideshowView.swift in Sources */,
				D33287FD2B22BF8A008D1F45 /* BackgroundView.swift in Sources */,
				D33D9F4D2A9D2A6200498EA2 /* UserService.swift in Sources */,
				D33D9F512A9D2AE300498EA2 /* AuthenticationView.swift in Sources */,
				D33287E42B1EF65A008D1F45 /* Message.swift in Sources */,
				D38DF04D2AAAF2510001EADD /* CameraService.swift in Sources */,
				D3B4CF5D2B035A12003C66DD /* AlbumViewModel.swift in Sources */,
				D33287DA2B0DC9D0008D1F45 /* SlideShowViewModel.swift in Sources */,
				D3F5B0D12AC7F7CD007CCC0E /* ImagePicker.swift in Sources */,
				D32665542AFCAF3C00A098A6 /* CreateAlbumView.swift in Sources */,
				D3A096DE2AF36D6600859604 /* PopupViewModifier.swift in Sources */,
				D3DF7B262AFC0692008A292E /* View+Modifiers.swift in Sources */,
				D3F5B0D32AC81373007CCC0E /* ProfileView.swift in Sources */,
				D33D9F3A2A9D2A1A00498EA2 /* authandsearch2App.swift in Sources */,
				D3B4CF622B042BAC003C66DD /* CheckMembersView.swift in Sources */,
				D33D9F692AA2BE2500498EA2 /* HomeView.swift in Sources */,
				D33287DC2B1831AD008D1F45 /* CarouselView.swift in Sources */,
				D3DF7B342AFC30C8008A292E /* RoundedCorner.swift in Sources */,
				D32665522AFCAEF100A098A6 /* AddMembersView.swift in Sources */,
				D33287E92B1EF713008D1F45 /* MessageBubble.swift in Sources */,
				D33D9F4B2A9D2A4600498EA2 /* User.swift in Sources */,
				D33D9F602AA072FB00498EA2 /* Album.swift in Sources */,
				D3A096E92AF96A3400859604 /* EditAlbumView.swift in Sources */,
				D3F5B0CD2AC7C544007CCC0E /* EditProfileView.swift in Sources */,
				D326655E2AFCB15C00A098A6 /* AlbumPickerView.swift in Sources */,
				D3601ECE2B01CC8E007DCCDB /* SignInView.swift in Sources */,
				D3DF7B3A2AFC3B00008A292E /* CustomBackButton+Modifiers.swift in Sources */,
				D32665592AFCB04700A098A6 /* SignUpView.swift in Sources */,
				D3B4CF4A2B02A57C003C66DD /* AuthViewModel.swift in Sources */,
				D38DF04F2AAAF37C0001EADD /* CameraView.swift in Sources */,
				D33287EF2B1EF8CB008D1F45 /* MessagesView.swift in Sources */,
				D3F5B0CF2AC7C575007CCC0E /* MainTabbedView.swift in Sources */,
				D3DF7B2A2AFC2D9D008A292E /* PhotoGridView.swift in Sources */,
			);
			runOnlyForDeploymentPostprocessing = 0;
		};
/* End PBXSourcesBuildPhase section */

/* Begin XCBuildConfiguration section */
		D33D9F422A9D2A1C00498EA2 /* Debug */ = {
			isa = XCBuildConfiguration;
			buildSettings = {
				ALWAYS_SEARCH_USER_PATHS = NO;
				CLANG_ANALYZER_NONNULL = YES;
				CLANG_ANALYZER_NUMBER_OBJECT_CONVERSION = YES_AGGRESSIVE;
				CLANG_CXX_LANGUAGE_STANDARD = "gnu++20";
				CLANG_ENABLE_MODULES = YES;
				CLANG_ENABLE_OBJC_ARC = YES;
				CLANG_ENABLE_OBJC_WEAK = YES;
				CLANG_WARN_BLOCK_CAPTURE_AUTORELEASING = YES;
				CLANG_WARN_BOOL_CONVERSION = YES;
				CLANG_WARN_COMMA = YES;
				CLANG_WARN_CONSTANT_CONVERSION = YES;
				CLANG_WARN_DEPRECATED_OBJC_IMPLEMENTATIONS = YES;
				CLANG_WARN_DIRECT_OBJC_ISA_USAGE = YES_ERROR;
				CLANG_WARN_DOCUMENTATION_COMMENTS = YES;
				CLANG_WARN_EMPTY_BODY = YES;
				CLANG_WARN_ENUM_CONVERSION = YES;
				CLANG_WARN_INFINITE_RECURSION = YES;
				CLANG_WARN_INT_CONVERSION = YES;
				CLANG_WARN_NON_LITERAL_NULL_CONVERSION = YES;
				CLANG_WARN_OBJC_IMPLICIT_RETAIN_SELF = YES;
				CLANG_WARN_OBJC_LITERAL_CONVERSION = YES;
				CLANG_WARN_OBJC_ROOT_CLASS = YES_ERROR;
				CLANG_WARN_QUOTED_INCLUDE_IN_FRAMEWORK_HEADER = YES;
				CLANG_WARN_RANGE_LOOP_ANALYSIS = YES;
				CLANG_WARN_STRICT_PROTOTYPES = YES;
				CLANG_WARN_SUSPICIOUS_MOVE = YES;
				CLANG_WARN_UNGUARDED_AVAILABILITY = YES_AGGRESSIVE;
				CLANG_WARN_UNREACHABLE_CODE = YES;
				CLANG_WARN__DUPLICATE_METHOD_MATCH = YES;
				COPY_PHASE_STRIP = NO;
				DEBUG_INFORMATION_FORMAT = dwarf;
				ENABLE_STRICT_OBJC_MSGSEND = YES;
				ENABLE_TESTABILITY = YES;
				GCC_C_LANGUAGE_STANDARD = gnu11;
				GCC_DYNAMIC_NO_PIC = NO;
				GCC_NO_COMMON_BLOCKS = YES;
				GCC_OPTIMIZATION_LEVEL = 0;
				GCC_PREPROCESSOR_DEFINITIONS = (
					"DEBUG=1",
					"$(inherited)",
				);
				GCC_WARN_64_TO_32_BIT_CONVERSION = YES;
				GCC_WARN_ABOUT_RETURN_TYPE = YES_ERROR;
				GCC_WARN_UNDECLARED_SELECTOR = YES;
				GCC_WARN_UNINITIALIZED_AUTOS = YES_AGGRESSIVE;
				GCC_WARN_UNUSED_FUNCTION = YES;
				GCC_WARN_UNUSED_VARIABLE = YES;
				IPHONEOS_DEPLOYMENT_TARGET = 16.4;
				MTL_ENABLE_DEBUG_INFO = INCLUDE_SOURCE;
				MTL_FAST_MATH = YES;
				ONLY_ACTIVE_ARCH = YES;
				SDKROOT = iphoneos;
				SWIFT_ACTIVE_COMPILATION_CONDITIONS = DEBUG;
				SWIFT_OPTIMIZATION_LEVEL = "-Onone";
			};
			name = Debug;
		};
		D33D9F432A9D2A1C00498EA2 /* Release */ = {
			isa = XCBuildConfiguration;
			buildSettings = {
				ALWAYS_SEARCH_USER_PATHS = NO;
				CLANG_ANALYZER_NONNULL = YES;
				CLANG_ANALYZER_NUMBER_OBJECT_CONVERSION = YES_AGGRESSIVE;
				CLANG_CXX_LANGUAGE_STANDARD = "gnu++20";
				CLANG_ENABLE_MODULES = YES;
				CLANG_ENABLE_OBJC_ARC = YES;
				CLANG_ENABLE_OBJC_WEAK = YES;
				CLANG_WARN_BLOCK_CAPTURE_AUTORELEASING = YES;
				CLANG_WARN_BOOL_CONVERSION = YES;
				CLANG_WARN_COMMA = YES;
				CLANG_WARN_CONSTANT_CONVERSION = YES;
				CLANG_WARN_DEPRECATED_OBJC_IMPLEMENTATIONS = YES;
				CLANG_WARN_DIRECT_OBJC_ISA_USAGE = YES_ERROR;
				CLANG_WARN_DOCUMENTATION_COMMENTS = YES;
				CLANG_WARN_EMPTY_BODY = YES;
				CLANG_WARN_ENUM_CONVERSION = YES;
				CLANG_WARN_INFINITE_RECURSION = YES;
				CLANG_WARN_INT_CONVERSION = YES;
				CLANG_WARN_NON_LITERAL_NULL_CONVERSION = YES;
				CLANG_WARN_OBJC_IMPLICIT_RETAIN_SELF = YES;
				CLANG_WARN_OBJC_LITERAL_CONVERSION = YES;
				CLANG_WARN_OBJC_ROOT_CLASS = YES_ERROR;
				CLANG_WARN_QUOTED_INCLUDE_IN_FRAMEWORK_HEADER = YES;
				CLANG_WARN_RANGE_LOOP_ANALYSIS = YES;
				CLANG_WARN_STRICT_PROTOTYPES = YES;
				CLANG_WARN_SUSPICIOUS_MOVE = YES;
				CLANG_WARN_UNGUARDED_AVAILABILITY = YES_AGGRESSIVE;
				CLANG_WARN_UNREACHABLE_CODE = YES;
				CLANG_WARN__DUPLICATE_METHOD_MATCH = YES;
				COPY_PHASE_STRIP = NO;
				DEBUG_INFORMATION_FORMAT = "dwarf-with-dsym";
				ENABLE_NS_ASSERTIONS = NO;
				ENABLE_STRICT_OBJC_MSGSEND = YES;
				GCC_C_LANGUAGE_STANDARD = gnu11;
				GCC_NO_COMMON_BLOCKS = YES;
				GCC_WARN_64_TO_32_BIT_CONVERSION = YES;
				GCC_WARN_ABOUT_RETURN_TYPE = YES_ERROR;
				GCC_WARN_UNDECLARED_SELECTOR = YES;
				GCC_WARN_UNINITIALIZED_AUTOS = YES_AGGRESSIVE;
				GCC_WARN_UNUSED_FUNCTION = YES;
				GCC_WARN_UNUSED_VARIABLE = YES;
				IPHONEOS_DEPLOYMENT_TARGET = 16.4;
				MTL_ENABLE_DEBUG_INFO = NO;
				MTL_FAST_MATH = YES;
				SDKROOT = iphoneos;
				SWIFT_COMPILATION_MODE = wholemodule;
				SWIFT_OPTIMIZATION_LEVEL = "-O";
				VALIDATE_PRODUCT = YES;
			};
			name = Release;
		};
		D33D9F452A9D2A1C00498EA2 /* Debug */ = {
			isa = XCBuildConfiguration;
			buildSettings = {
				ASSETCATALOG_COMPILER_APPICON_NAME = AppIcon;
				ASSETCATALOG_COMPILER_GLOBAL_ACCENT_COLOR_NAME = AccentColor;
				ASSETCATALOG_COMPILER_INCLUDE_ALL_APPICON_ASSETS = YES;
				CODE_SIGN_STYLE = Automatic;
				CURRENT_PROJECT_VERSION = 2;
				DEVELOPMENT_ASSET_PATHS = "\"Last Night/Preview Content\"";
				DEVELOPMENT_TEAM = 45Z98QXDZ5;
				ENABLE_PREVIEWS = YES;
				GENERATE_INFOPLIST_FILE = YES;
				INFOPLIST_FILE = "Last Night/Info.plist";
				INFOPLIST_KEY_NSCameraUsageDescription = "\"We need to access the camera to use this app\"";
				INFOPLIST_KEY_NSPhotoLibraryUsageDescription = "\"We need acces to your photos to save images\"";
				INFOPLIST_KEY_UIApplicationSceneManifest_Generation = YES;
				INFOPLIST_KEY_UIApplicationSupportsIndirectInputEvents = YES;
				INFOPLIST_KEY_UILaunchScreen_Generation = YES;
				INFOPLIST_KEY_UISupportedInterfaceOrientations = UIInterfaceOrientationPortrait;
				LD_RUNPATH_SEARCH_PATHS = (
					"$(inherited)",
					"@executable_path/Frameworks",
				);
				MARKETING_VERSION = 0.1.0;
				PRODUCT_BUNDLE_IDENTIFIER = com.mevima.LastNight;
				PRODUCT_NAME = "$(TARGET_NAME)";
				SUPPORTED_PLATFORMS = "iphoneos iphonesimulator";
				SUPPORTS_MACCATALYST = NO;
				SUPPORTS_MAC_DESIGNED_FOR_IPHONE_IPAD = NO;
				SWIFT_EMIT_LOC_STRINGS = YES;
				SWIFT_VERSION = 5.0;
				TARGETED_DEVICE_FAMILY = 1;
			};
			name = Debug;
		};
		D33D9F462A9D2A1C00498EA2 /* Release */ = {
			isa = XCBuildConfiguration;
			buildSettings = {
				ASSETCATALOG_COMPILER_APPICON_NAME = AppIcon;
				ASSETCATALOG_COMPILER_GLOBAL_ACCENT_COLOR_NAME = AccentColor;
				ASSETCATALOG_COMPILER_INCLUDE_ALL_APPICON_ASSETS = YES;
				CODE_SIGN_STYLE = Automatic;
				CURRENT_PROJECT_VERSION = 2;
				DEVELOPMENT_ASSET_PATHS = "\"Last Night/Preview Content\"";
				DEVELOPMENT_TEAM = 45Z98QXDZ5;
				ENABLE_PREVIEWS = YES;
				GENERATE_INFOPLIST_FILE = YES;
				INFOPLIST_FILE = "Last Night/Info.plist";
				INFOPLIST_KEY_NSCameraUsageDescription = "\"We need to access the camera to use this app\"";
				INFOPLIST_KEY_NSPhotoLibraryUsageDescription = "\"We need acces to your photos to save images\"";
				INFOPLIST_KEY_UIApplicationSceneManifest_Generation = YES;
				INFOPLIST_KEY_UIApplicationSupportsIndirectInputEvents = YES;
				INFOPLIST_KEY_UILaunchScreen_Generation = YES;
				INFOPLIST_KEY_UISupportedInterfaceOrientations = UIInterfaceOrientationPortrait;
				LD_RUNPATH_SEARCH_PATHS = (
					"$(inherited)",
					"@executable_path/Frameworks",
				);
				MARKETING_VERSION = 0.1.0;
				PRODUCT_BUNDLE_IDENTIFIER = com.mevima.LastNight;
				PRODUCT_NAME = "$(TARGET_NAME)";
				SUPPORTED_PLATFORMS = "iphoneos iphonesimulator";
				SUPPORTS_MACCATALYST = NO;
				SUPPORTS_MAC_DESIGNED_FOR_IPHONE_IPAD = NO;
				SWIFT_EMIT_LOC_STRINGS = YES;
				SWIFT_VERSION = 5.0;
				TARGETED_DEVICE_FAMILY = 1;
			};
			name = Release;
		};
/* End XCBuildConfiguration section */

/* Begin XCConfigurationList section */
		D33D9F312A9D2A1A00498EA2 /* Build configuration list for PBXProject "Last Night" */ = {
			isa = XCConfigurationList;
			buildConfigurations = (
				D33D9F422A9D2A1C00498EA2 /* Debug */,
				D33D9F432A9D2A1C00498EA2 /* Release */,
			);
			defaultConfigurationIsVisible = 0;
			defaultConfigurationName = Release;
		};
		D33D9F442A9D2A1C00498EA2 /* Build configuration list for PBXNativeTarget "Last Night" */ = {
			isa = XCConfigurationList;
			buildConfigurations = (
				D33D9F452A9D2A1C00498EA2 /* Debug */,
				D33D9F462A9D2A1C00498EA2 /* Release */,
			);
			defaultConfigurationIsVisible = 0;
			defaultConfigurationName = Release;
		};
/* End XCConfigurationList section */

/* Begin XCRemoteSwiftPackageReference section */
		D33D9F542A9D2C6E00498EA2 /* XCRemoteSwiftPackageReference "firebase-ios-sdk" */ = {
			isa = XCRemoteSwiftPackageReference;
			repositoryURL = "https://github.com/firebase/firebase-ios-sdk";
			requirement = {
				kind = upToNextMajorVersion;
				minimumVersion = 10.0.0;
			};
		};
		D3F5B0D82AD0A8AE007CCC0E /* XCRemoteSwiftPackageReference "swiftui-drawer" */ = {
			isa = XCRemoteSwiftPackageReference;
			repositoryURL = "https://github.com/maustinstar/swiftui-drawer.git";
			requirement = {
				branch = master;
				kind = branch;
			};
		};
		D3F5B0DB2AD5D905007CCC0E /* XCRemoteSwiftPackageReference "Kingfisher" */ = {
			isa = XCRemoteSwiftPackageReference;
			repositoryURL = "https://github.com/onevcat/Kingfisher.git";
			requirement = {
				kind = upToNextMajorVersion;
				minimumVersion = 7.0.0;
			};
		};
/* End XCRemoteSwiftPackageReference section */

/* Begin XCSwiftPackageProductDependency section */
		D33D9F552A9D2C6E00498EA2 /* FirebaseAuth */ = {
			isa = XCSwiftPackageProductDependency;
			package = D33D9F542A9D2C6E00498EA2 /* XCRemoteSwiftPackageReference "firebase-ios-sdk" */;
			productName = FirebaseAuth;
		};
		D33D9F572A9D2C6E00498EA2 /* FirebaseFirestore */ = {
			isa = XCSwiftPackageProductDependency;
			package = D33D9F542A9D2C6E00498EA2 /* XCRemoteSwiftPackageReference "firebase-ios-sdk" */;
			productName = FirebaseFirestore;
		};
		D33D9F592A9D2C6E00498EA2 /* FirebaseFirestoreSwift */ = {
			isa = XCSwiftPackageProductDependency;
			package = D33D9F542A9D2C6E00498EA2 /* XCRemoteSwiftPackageReference "firebase-ios-sdk" */;
			productName = FirebaseFirestoreSwift;
		};
		D3539BE32AABE43D008FB64B /* FirebaseStorage */ = {
			isa = XCSwiftPackageProductDependency;
			package = D33D9F542A9D2C6E00498EA2 /* XCRemoteSwiftPackageReference "firebase-ios-sdk" */;
			productName = FirebaseStorage;
		};
		D3F5B0DC2AD5D905007CCC0E /* Kingfisher */ = {
			isa = XCSwiftPackageProductDependency;
			package = D3F5B0DB2AD5D905007CCC0E /* XCRemoteSwiftPackageReference "Kingfisher" */;
			productName = Kingfisher;
		};
/* End XCSwiftPackageProductDependency section */
	};
	rootObject = D33D9F2E2A9D2A1A00498EA2 /* Project object */;
}
