// !$*UTF8*$!
{
	archiveVersion = 1;
	classes = {
	};
	objectVersion = 56;
	objects = {

/* Begin PBXBuildFile section */
		D33D9F3A2A9D2A1A00498EA2 /* authandsearch2App.swift in Sources */ = {isa = PBXBuildFile; fileRef = D33D9F392A9D2A1A00498EA2 /* authandsearch2App.swift */; };
		D33D9F3C2A9D2A1A00498EA2 /* ContentView.swift in Sources */ = {isa = PBXBuildFile; fileRef = D33D9F3B2A9D2A1A00498EA2 /* ContentView.swift */; };
		D33D9F3E2A9D2A1C00498EA2 /* Assets.xcassets in Resources */ = {isa = PBXBuildFile; fileRef = D33D9F3D2A9D2A1C00498EA2 /* Assets.xcassets */; };
		D33D9F412A9D2A1C00498EA2 /* Preview Assets.xcassets in Resources */ = {isa = PBXBuildFile; fileRef = D33D9F402A9D2A1C00498EA2 /* Preview Assets.xcassets */; };
		D33D9F4B2A9D2A4600498EA2 /* User.swift in Sources */ = {isa = PBXBuildFile; fileRef = D33D9F4A2A9D2A4600498EA2 /* User.swift */; };
		D33D9F4D2A9D2A6200498EA2 /* UserViewModel.swift in Sources */ = {isa = PBXBuildFile; fileRef = D33D9F4C2A9D2A6200498EA2 /* UserViewModel.swift */; };
		D33D9F4F2A9D2ABB00498EA2 /* ProfileSearchView.swift in Sources */ = {isa = PBXBuildFile; fileRef = D33D9F4E2A9D2ABB00498EA2 /* ProfileSearchView.swift */; };
		D33D9F512A9D2AE300498EA2 /* AuthenticationView.swift in Sources */ = {isa = PBXBuildFile; fileRef = D33D9F502A9D2AE300498EA2 /* AuthenticationView.swift */; };
		D33D9F532A9D2B9900498EA2 /* GoogleService-Info.plist in Resources */ = {isa = PBXBuildFile; fileRef = D33D9F522A9D2B9900498EA2 /* GoogleService-Info.plist */; };
		D33D9F562A9D2C6E00498EA2 /* FirebaseAuth in Frameworks */ = {isa = PBXBuildFile; productRef = D33D9F552A9D2C6E00498EA2 /* FirebaseAuth */; };
		D33D9F582A9D2C6E00498EA2 /* FirebaseFirestore in Frameworks */ = {isa = PBXBuildFile; productRef = D33D9F572A9D2C6E00498EA2 /* FirebaseFirestore */; };
		D33D9F5A2A9D2C6E00498EA2 /* FirebaseFirestoreSwift in Frameworks */ = {isa = PBXBuildFile; productRef = D33D9F592A9D2C6E00498EA2 /* FirebaseFirestoreSwift */; };
		D33D9F5E2A9D3F4800498EA2 /* UsersLookupViewModel.swift in Sources */ = {isa = PBXBuildFile; fileRef = D33D9F5D2A9D3F4800498EA2 /* UsersLookupViewModel.swift */; };
		D33D9F602AA072FB00498EA2 /* Album.swift in Sources */ = {isa = PBXBuildFile; fileRef = D33D9F5F2AA072FB00498EA2 /* Album.swift */; };
		D33D9F622AA078E700498EA2 /* AlbumViewModel.swift in Sources */ = {isa = PBXBuildFile; fileRef = D33D9F612AA078E700498EA2 /* AlbumViewModel.swift */; };
		D33D9F652AA07FA500498EA2 /* createAlbumView.swift in Sources */ = {isa = PBXBuildFile; fileRef = D33D9F642AA07FA500498EA2 /* createAlbumView.swift */; };
		D33D9F672AA08B2A00498EA2 /* addMembersView.swift in Sources */ = {isa = PBXBuildFile; fileRef = D33D9F662AA08B2A00498EA2 /* addMembersView.swift */; };
		D33D9F692AA2BE2500498EA2 /* FetchAlbumsView.swift in Sources */ = {isa = PBXBuildFile; fileRef = D33D9F682AA2BE2500498EA2 /* FetchAlbumsView.swift */; };
		D33D9F6B2AA5A48A00498EA2 /* FetchAlbumsModel.swift in Sources */ = {isa = PBXBuildFile; fileRef = D33D9F6A2AA5A48A00498EA2 /* FetchAlbumsModel.swift */; };
		D38DF04B2AA7167F0001EADD /* Post.swift in Sources */ = {isa = PBXBuildFile; fileRef = D38DF04A2AA7167F0001EADD /* Post.swift */; };
/* End PBXBuildFile section */

/* Begin PBXFileReference section */
		D33D9F362A9D2A1A00498EA2 /* authandsearch2.app */ = {isa = PBXFileReference; explicitFileType = wrapper.application; includeInIndex = 0; path = authandsearch2.app; sourceTree = BUILT_PRODUCTS_DIR; };
		D33D9F392A9D2A1A00498EA2 /* authandsearch2App.swift */ = {isa = PBXFileReference; lastKnownFileType = sourcecode.swift; path = authandsearch2App.swift; sourceTree = "<group>"; };
		D33D9F3B2A9D2A1A00498EA2 /* ContentView.swift */ = {isa = PBXFileReference; lastKnownFileType = sourcecode.swift; path = ContentView.swift; sourceTree = "<group>"; };
		D33D9F3D2A9D2A1C00498EA2 /* Assets.xcassets */ = {isa = PBXFileReference; lastKnownFileType = folder.assetcatalog; path = Assets.xcassets; sourceTree = "<group>"; };
		D33D9F402A9D2A1C00498EA2 /* Preview Assets.xcassets */ = {isa = PBXFileReference; lastKnownFileType = folder.assetcatalog; path = "Preview Assets.xcassets"; sourceTree = "<group>"; };
		D33D9F4A2A9D2A4600498EA2 /* User.swift */ = {isa = PBXFileReference; lastKnownFileType = sourcecode.swift; path = User.swift; sourceTree = "<group>"; };
		D33D9F4C2A9D2A6200498EA2 /* UserViewModel.swift */ = {isa = PBXFileReference; lastKnownFileType = sourcecode.swift; path = UserViewModel.swift; sourceTree = "<group>"; };
		D33D9F4E2A9D2ABB00498EA2 /* ProfileSearchView.swift */ = {isa = PBXFileReference; lastKnownFileType = sourcecode.swift; path = ProfileSearchView.swift; sourceTree = "<group>"; };
		D33D9F502A9D2AE300498EA2 /* AuthenticationView.swift */ = {isa = PBXFileReference; lastKnownFileType = sourcecode.swift; path = AuthenticationView.swift; sourceTree = "<group>"; };
		D33D9F522A9D2B9900498EA2 /* GoogleService-Info.plist */ = {isa = PBXFileReference; fileEncoding = 4; lastKnownFileType = text.plist.xml; path = "GoogleService-Info.plist"; sourceTree = "<group>"; };
		D33D9F5D2A9D3F4800498EA2 /* UsersLookupViewModel.swift */ = {isa = PBXFileReference; lastKnownFileType = sourcecode.swift; path = UsersLookupViewModel.swift; sourceTree = "<group>"; };
		D33D9F5F2AA072FB00498EA2 /* Album.swift */ = {isa = PBXFileReference; lastKnownFileType = sourcecode.swift; path = Album.swift; sourceTree = "<group>"; };
		D33D9F612AA078E700498EA2 /* AlbumViewModel.swift */ = {isa = PBXFileReference; lastKnownFileType = sourcecode.swift; path = AlbumViewModel.swift; sourceTree = "<group>"; };
		D33D9F642AA07FA500498EA2 /* createAlbumView.swift */ = {isa = PBXFileReference; lastKnownFileType = sourcecode.swift; path = createAlbumView.swift; sourceTree = "<group>"; };
		D33D9F662AA08B2A00498EA2 /* addMembersView.swift */ = {isa = PBXFileReference; lastKnownFileType = sourcecode.swift; path = addMembersView.swift; sourceTree = "<group>"; };
		D33D9F682AA2BE2500498EA2 /* FetchAlbumsView.swift */ = {isa = PBXFileReference; lastKnownFileType = sourcecode.swift; path = FetchAlbumsView.swift; sourceTree = "<group>"; };
		D33D9F6A2AA5A48A00498EA2 /* FetchAlbumsModel.swift */ = {isa = PBXFileReference; lastKnownFileType = sourcecode.swift; path = FetchAlbumsModel.swift; sourceTree = "<group>"; };
		D38DF04A2AA7167F0001EADD /* Post.swift */ = {isa = PBXFileReference; lastKnownFileType = sourcecode.swift; path = Post.swift; sourceTree = "<group>"; };
/* End PBXFileReference section */

/* Begin PBXFrameworksBuildPhase section */
		D33D9F332A9D2A1A00498EA2 /* Frameworks */ = {
			isa = PBXFrameworksBuildPhase;
			buildActionMask = 2147483647;
			files = (
				D33D9F562A9D2C6E00498EA2 /* FirebaseAuth in Frameworks */,
				D33D9F582A9D2C6E00498EA2 /* FirebaseFirestore in Frameworks */,
				D33D9F5A2A9D2C6E00498EA2 /* FirebaseFirestoreSwift in Frameworks */,
			);
			runOnlyForDeploymentPostprocessing = 0;
		};
/* End PBXFrameworksBuildPhase section */

/* Begin PBXGroup section */
		D33D9F2D2A9D2A1A00498EA2 = {
			isa = PBXGroup;
			children = (
				D33D9F382A9D2A1A00498EA2 /* authandsearch2 */,
				D33D9F372A9D2A1A00498EA2 /* Products */,
			);
			sourceTree = "<group>";
		};
		D33D9F372A9D2A1A00498EA2 /* Products */ = {
			isa = PBXGroup;
			children = (
				D33D9F362A9D2A1A00498EA2 /* authandsearch2.app */,
			);
			name = Products;
			sourceTree = "<group>";
		};
		D33D9F382A9D2A1A00498EA2 /* authandsearch2 */ = {
			isa = PBXGroup;
			children = (
				D33D9F492A9D2A3600498EA2 /* Model */,
				D33D9F482A9D2A2E00498EA2 /* ViewModel */,
				D33D9F472A9D2A2700498EA2 /* View */,
				D33D9F3D2A9D2A1C00498EA2 /* Assets.xcassets */,
				D33D9F522A9D2B9900498EA2 /* GoogleService-Info.plist */,
				D33D9F3F2A9D2A1C00498EA2 /* Preview Content */,
			);
			path = authandsearch2;
			sourceTree = "<group>";
		};
		D33D9F3F2A9D2A1C00498EA2 /* Preview Content */ = {
			isa = PBXGroup;
			children = (
				D33D9F402A9D2A1C00498EA2 /* Preview Assets.xcassets */,
			);
			path = "Preview Content";
			sourceTree = "<group>";
		};
		D33D9F472A9D2A2700498EA2 /* View */ = {
			isa = PBXGroup;
			children = (
				D33D9F632AA07F6300498EA2 /* Album */,
				D33D9F392A9D2A1A00498EA2 /* authandsearch2App.swift */,
				D33D9F3B2A9D2A1A00498EA2 /* ContentView.swift */,
				D33D9F4E2A9D2ABB00498EA2 /* ProfileSearchView.swift */,
				D33D9F502A9D2AE300498EA2 /* AuthenticationView.swift */,
			);
			path = View;
			sourceTree = "<group>";
		};
		D33D9F482A9D2A2E00498EA2 /* ViewModel */ = {
			isa = PBXGroup;
			children = (
				D33D9F4C2A9D2A6200498EA2 /* UserViewModel.swift */,
				D33D9F5D2A9D3F4800498EA2 /* UsersLookupViewModel.swift */,
				D33D9F612AA078E700498EA2 /* AlbumViewModel.swift */,
				D33D9F6A2AA5A48A00498EA2 /* FetchAlbumsModel.swift */,
			);
			path = ViewModel;
			sourceTree = "<group>";
		};
		D33D9F492A9D2A3600498EA2 /* Model */ = {
			isa = PBXGroup;
			children = (
				D33D9F4A2A9D2A4600498EA2 /* User.swift */,
				D33D9F5F2AA072FB00498EA2 /* Album.swift */,
				D38DF04A2AA7167F0001EADD /* Post.swift */,
			);
			path = Model;
			sourceTree = "<group>";
		};
		D33D9F632AA07F6300498EA2 /* Album */ = {
			isa = PBXGroup;
			children = (
				D33D9F642AA07FA500498EA2 /* createAlbumView.swift */,
				D33D9F662AA08B2A00498EA2 /* addMembersView.swift */,
				D33D9F682AA2BE2500498EA2 /* FetchAlbumsView.swift */,
			);
			path = Album;
			sourceTree = "<group>";
		};
/* End PBXGroup section */

/* Begin PBXNativeTarget section */
		D33D9F352A9D2A1A00498EA2 /* authandsearch2 */ = {
			isa = PBXNativeTarget;
			buildConfigurationList = D33D9F442A9D2A1C00498EA2 /* Build configuration list for PBXNativeTarget "authandsearch2" */;
			buildPhases = (
				D33D9F322A9D2A1A00498EA2 /* Sources */,
				D33D9F332A9D2A1A00498EA2 /* Frameworks */,
				D33D9F342A9D2A1A00498EA2 /* Resources */,
			);
			buildRules = (
			);
			dependencies = (
			);
			name = authandsearch2;
			packageProductDependencies = (
				D33D9F552A9D2C6E00498EA2 /* FirebaseAuth */,
				D33D9F572A9D2C6E00498EA2 /* FirebaseFirestore */,
				D33D9F592A9D2C6E00498EA2 /* FirebaseFirestoreSwift */,
			);
			productName = authandsearch2;
			productReference = D33D9F362A9D2A1A00498EA2 /* authandsearch2.app */;
			productType = "com.apple.product-type.application";
		};
/* End PBXNativeTarget section */

/* Begin PBXProject section */
		D33D9F2E2A9D2A1A00498EA2 /* Project object */ = {
			isa = PBXProject;
			attributes = {
				BuildIndependentTargetsInParallel = 1;
				LastSwiftUpdateCheck = 1430;
				LastUpgradeCheck = 1430;
				TargetAttributes = {
					D33D9F352A9D2A1A00498EA2 = {
						CreatedOnToolsVersion = 14.3.1;
					};
				};
			};
			buildConfigurationList = D33D9F312A9D2A1A00498EA2 /* Build configuration list for PBXProject "authandsearch2" */;
			compatibilityVersion = "Xcode 14.0";
			developmentRegion = en;
			hasScannedForEncodings = 0;
			knownRegions = (
				en,
				Base,
			);
			mainGroup = D33D9F2D2A9D2A1A00498EA2;
			packageReferences = (
				D33D9F542A9D2C6E00498EA2 /* XCRemoteSwiftPackageReference "firebase-ios-sdk" */,
			);
			productRefGroup = D33D9F372A9D2A1A00498EA2 /* Products */;
			projectDirPath = "";
			projectRoot = "";
			targets = (
				D33D9F352A9D2A1A00498EA2 /* authandsearch2 */,
			);
		};
/* End PBXProject section */

/* Begin PBXResourcesBuildPhase section */
		D33D9F342A9D2A1A00498EA2 /* Resources */ = {
			isa = PBXResourcesBuildPhase;
			buildActionMask = 2147483647;
			files = (
				D33D9F412A9D2A1C00498EA2 /* Preview Assets.xcassets in Resources */,
				D33D9F3E2A9D2A1C00498EA2 /* Assets.xcassets in Resources */,
				D33D9F532A9D2B9900498EA2 /* GoogleService-Info.plist in Resources */,
			);
			runOnlyForDeploymentPostprocessing = 0;
		};
/* End PBXResourcesBuildPhase section */

/* Begin PBXSourcesBuildPhase section */
		D33D9F322A9D2A1A00498EA2 /* Sources */ = {
			isa = PBXSourcesBuildPhase;
			buildActionMask = 2147483647;
			files = (
				D33D9F622AA078E700498EA2 /* AlbumViewModel.swift in Sources */,
				D33D9F6B2AA5A48A00498EA2 /* FetchAlbumsModel.swift in Sources */,
				D33D9F3C2A9D2A1A00498EA2 /* ContentView.swift in Sources */,
				D33D9F652AA07FA500498EA2 /* createAlbumView.swift in Sources */,
				D33D9F5E2A9D3F4800498EA2 /* UsersLookupViewModel.swift in Sources */,
				D38DF04B2AA7167F0001EADD /* Post.swift in Sources */,
				D33D9F4D2A9D2A6200498EA2 /* UserViewModel.swift in Sources */,
				D33D9F512A9D2AE300498EA2 /* AuthenticationView.swift in Sources */,
				D33D9F672AA08B2A00498EA2 /* addMembersView.swift in Sources */,
				D33D9F4F2A9D2ABB00498EA2 /* ProfileSearchView.swift in Sources */,
				D33D9F3A2A9D2A1A00498EA2 /* authandsearch2App.swift in Sources */,
				D33D9F692AA2BE2500498EA2 /* FetchAlbumsView.swift in Sources */,
				D33D9F4B2A9D2A4600498EA2 /* User.swift in Sources */,
				D33D9F602AA072FB00498EA2 /* Album.swift in Sources */,
			);
			runOnlyForDeploymentPostprocessing = 0;
		};
/* End PBXSourcesBuildPhase section */

/* Begin XCBuildConfiguration section */
		D33D9F422A9D2A1C00498EA2 /* Debug */ = {
			isa = XCBuildConfiguration;
			buildSettings = {
				ALWAYS_SEARCH_USER_PATHS = NO;
				CLANG_ANALYZER_NONNULL = YES;
				CLANG_ANALYZER_NUMBER_OBJECT_CONVERSION = YES_AGGRESSIVE;
				CLANG_CXX_LANGUAGE_STANDARD = "gnu++20";
				CLANG_ENABLE_MODULES = YES;
				CLANG_ENABLE_OBJC_ARC = YES;
				CLANG_ENABLE_OBJC_WEAK = YES;
				CLANG_WARN_BLOCK_CAPTURE_AUTORELEASING = YES;
				CLANG_WARN_BOOL_CONVERSION = YES;
				CLANG_WARN_COMMA = YES;
				CLANG_WARN_CONSTANT_CONVERSION = YES;
				CLANG_WARN_DEPRECATED_OBJC_IMPLEMENTATIONS = YES;
				CLANG_WARN_DIRECT_OBJC_ISA_USAGE = YES_ERROR;
				CLANG_WARN_DOCUMENTATION_COMMENTS = YES;
				CLANG_WARN_EMPTY_BODY = YES;
				CLANG_WARN_ENUM_CONVERSION = YES;
				CLANG_WARN_INFINITE_RECURSION = YES;
				CLANG_WARN_INT_CONVERSION = YES;
				CLANG_WARN_NON_LITERAL_NULL_CONVERSION = YES;
				CLANG_WARN_OBJC_IMPLICIT_RETAIN_SELF = YES;
				CLANG_WARN_OBJC_LITERAL_CONVERSION = YES;
				CLANG_WARN_OBJC_ROOT_CLASS = YES_ERROR;
				CLANG_WARN_QUOTED_INCLUDE_IN_FRAMEWORK_HEADER = YES;
				CLANG_WARN_RANGE_LOOP_ANALYSIS = YES;
				CLANG_WARN_STRICT_PROTOTYPES = YES;
				CLANG_WARN_SUSPICIOUS_MOVE = YES;
				CLANG_WARN_UNGUARDED_AVAILABILITY = YES_AGGRESSIVE;
				CLANG_WARN_UNREACHABLE_CODE = YES;
				CLANG_WARN__DUPLICATE_METHOD_MATCH = YES;
				COPY_PHASE_STRIP = NO;
				DEBUG_INFORMATION_FORMAT = dwarf;
				ENABLE_STRICT_OBJC_MSGSEND = YES;
				ENABLE_TESTABILITY = YES;
				GCC_C_LANGUAGE_STANDARD = gnu11;
				GCC_DYNAMIC_NO_PIC = NO;
				GCC_NO_COMMON_BLOCKS = YES;
				GCC_OPTIMIZATION_LEVEL = 0;
				GCC_PREPROCESSOR_DEFINITIONS = (
					"DEBUG=1",
					"$(inherited)",
				);
				GCC_WARN_64_TO_32_BIT_CONVERSION = YES;
				GCC_WARN_ABOUT_RETURN_TYPE = YES_ERROR;
				GCC_WARN_UNDECLARED_SELECTOR = YES;
				GCC_WARN_UNINITIALIZED_AUTOS = YES_AGGRESSIVE;
				GCC_WARN_UNUSED_FUNCTION = YES;
				GCC_WARN_UNUSED_VARIABLE = YES;
				IPHONEOS_DEPLOYMENT_TARGET = 16.4;
				MTL_ENABLE_DEBUG_INFO = INCLUDE_SOURCE;
				MTL_FAST_MATH = YES;
				ONLY_ACTIVE_ARCH = YES;
				SDKROOT = iphoneos;
				SWIFT_ACTIVE_COMPILATION_CONDITIONS = DEBUG;
				SWIFT_OPTIMIZATION_LEVEL = "-Onone";
			};
			name = Debug;
		};
		D33D9F432A9D2A1C00498EA2 /* Release */ = {
			isa = XCBuildConfiguration;
			buildSettings = {
				ALWAYS_SEARCH_USER_PATHS = NO;
				CLANG_ANALYZER_NONNULL = YES;
				CLANG_ANALYZER_NUMBER_OBJECT_CONVERSION = YES_AGGRESSIVE;
				CLANG_CXX_LANGUAGE_STANDARD = "gnu++20";
				CLANG_ENABLE_MODULES = YES;
				CLANG_ENABLE_OBJC_ARC = YES;
				CLANG_ENABLE_OBJC_WEAK = YES;
				CLANG_WARN_BLOCK_CAPTURE_AUTORELEASING = YES;
				CLANG_WARN_BOOL_CONVERSION = YES;
				CLANG_WARN_COMMA = YES;
				CLANG_WARN_CONSTANT_CONVERSION = YES;
				CLANG_WARN_DEPRECATED_OBJC_IMPLEMENTATIONS = YES;
				CLANG_WARN_DIRECT_OBJC_ISA_USAGE = YES_ERROR;
				CLANG_WARN_DOCUMENTATION_COMMENTS = YES;
				CLANG_WARN_EMPTY_BODY = YES;
				CLANG_WARN_ENUM_CONVERSION = YES;
				CLANG_WARN_INFINITE_RECURSION = YES;
				CLANG_WARN_INT_CONVERSION = YES;
				CLANG_WARN_NON_LITERAL_NULL_CONVERSION = YES;
				CLANG_WARN_OBJC_IMPLICIT_RETAIN_SELF = YES;
				CLANG_WARN_OBJC_LITERAL_CONVERSION = YES;
				CLANG_WARN_OBJC_ROOT_CLASS = YES_ERROR;
				CLANG_WARN_QUOTED_INCLUDE_IN_FRAMEWORK_HEADER = YES;
				CLANG_WARN_RANGE_LOOP_ANALYSIS = YES;
				CLANG_WARN_STRICT_PROTOTYPES = YES;
				CLANG_WARN_SUSPICIOUS_MOVE = YES;
				CLANG_WARN_UNGUARDED_AVAILABILITY = YES_AGGRESSIVE;
				CLANG_WARN_UNREACHABLE_CODE = YES;
				CLANG_WARN__DUPLICATE_METHOD_MATCH = YES;
				COPY_PHASE_STRIP = NO;
				DEBUG_INFORMATION_FORMAT = "dwarf-with-dsym";
				ENABLE_NS_ASSERTIONS = NO;
				ENABLE_STRICT_OBJC_MSGSEND = YES;
				GCC_C_LANGUAGE_STANDARD = gnu11;
				GCC_NO_COMMON_BLOCKS = YES;
				GCC_WARN_64_TO_32_BIT_CONVERSION = YES;
				GCC_WARN_ABOUT_RETURN_TYPE = YES_ERROR;
				GCC_WARN_UNDECLARED_SELECTOR = YES;
				GCC_WARN_UNINITIALIZED_AUTOS = YES_AGGRESSIVE;
				GCC_WARN_UNUSED_FUNCTION = YES;
				GCC_WARN_UNUSED_VARIABLE = YES;
				IPHONEOS_DEPLOYMENT_TARGET = 16.4;
				MTL_ENABLE_DEBUG_INFO = NO;
				MTL_FAST_MATH = YES;
				SDKROOT = iphoneos;
				SWIFT_COMPILATION_MODE = wholemodule;
				SWIFT_OPTIMIZATION_LEVEL = "-O";
				VALIDATE_PRODUCT = YES;
			};
			name = Release;
		};
		D33D9F452A9D2A1C00498EA2 /* Debug */ = {
			isa = XCBuildConfiguration;
			buildSettings = {
				ASSETCATALOG_COMPILER_APPICON_NAME = AppIcon;
				ASSETCATALOG_COMPILER_GLOBAL_ACCENT_COLOR_NAME = AccentColor;
				CODE_SIGN_STYLE = Automatic;
				CURRENT_PROJECT_VERSION = 1;
				DEVELOPMENT_ASSET_PATHS = "\"authandsearch2/Preview Content\"";
				DEVELOPMENT_TEAM = 45Z98QXDZ5;
				ENABLE_PREVIEWS = YES;
				GENERATE_INFOPLIST_FILE = YES;
				INFOPLIST_KEY_UIApplicationSceneManifest_Generation = YES;
				INFOPLIST_KEY_UIApplicationSupportsIndirectInputEvents = YES;
				INFOPLIST_KEY_UILaunchScreen_Generation = YES;
				INFOPLIST_KEY_UISupportedInterfaceOrientations_iPad = "UIInterfaceOrientationPortrait UIInterfaceOrientationPortraitUpsideDown UIInterfaceOrientationLandscapeLeft UIInterfaceOrientationLandscapeRight";
				INFOPLIST_KEY_UISupportedInterfaceOrientations_iPhone = "UIInterfaceOrientationPortrait UIInterfaceOrientationLandscapeLeft UIInterfaceOrientationLandscapeRight";
				LD_RUNPATH_SEARCH_PATHS = (
					"$(inherited)",
					"@executable_path/Frameworks",
				);
				MARKETING_VERSION = 1.0;
				PRODUCT_BUNDLE_IDENTIFIER = com.mevima.authandsearch2;
				PRODUCT_NAME = "$(TARGET_NAME)";
				SWIFT_EMIT_LOC_STRINGS = YES;
				SWIFT_VERSION = 5.0;
				TARGETED_DEVICE_FAMILY = "1,2";
			};
			name = Debug;
		};
		D33D9F462A9D2A1C00498EA2 /* Release */ = {
			isa = XCBuildConfiguration;
			buildSettings = {
				ASSETCATALOG_COMPILER_APPICON_NAME = AppIcon;
				ASSETCATALOG_COMPILER_GLOBAL_ACCENT_COLOR_NAME = AccentColor;
				CODE_SIGN_STYLE = Automatic;
				CURRENT_PROJECT_VERSION = 1;
				DEVELOPMENT_ASSET_PATHS = "\"authandsearch2/Preview Content\"";
				DEVELOPMENT_TEAM = 45Z98QXDZ5;
				ENABLE_PREVIEWS = YES;
				GENERATE_INFOPLIST_FILE = YES;
				INFOPLIST_KEY_UIApplicationSceneManifest_Generation = YES;
				INFOPLIST_KEY_UIApplicationSupportsIndirectInputEvents = YES;
				INFOPLIST_KEY_UILaunchScreen_Generation = YES;
				INFOPLIST_KEY_UISupportedInterfaceOrientations_iPad = "UIInterfaceOrientationPortrait UIInterfaceOrientationPortraitUpsideDown UIInterfaceOrientationLandscapeLeft UIInterfaceOrientationLandscapeRight";
				INFOPLIST_KEY_UISupportedInterfaceOrientations_iPhone = "UIInterfaceOrientationPortrait UIInterfaceOrientationLandscapeLeft UIInterfaceOrientationLandscapeRight";
				LD_RUNPATH_SEARCH_PATHS = (
					"$(inherited)",
					"@executable_path/Frameworks",
				);
				MARKETING_VERSION = 1.0;
				PRODUCT_BUNDLE_IDENTIFIER = com.mevima.authandsearch2;
				PRODUCT_NAME = "$(TARGET_NAME)";
				SWIFT_EMIT_LOC_STRINGS = YES;
				SWIFT_VERSION = 5.0;
				TARGETED_DEVICE_FAMILY = "1,2";
			};
			name = Release;
		};
/* End XCBuildConfiguration section */

/* Begin XCConfigurationList section */
		D33D9F312A9D2A1A00498EA2 /* Build configuration list for PBXProject "authandsearch2" */ = {
			isa = XCConfigurationList;
			buildConfigurations = (
				D33D9F422A9D2A1C00498EA2 /* Debug */,
				D33D9F432A9D2A1C00498EA2 /* Release */,
			);
			defaultConfigurationIsVisible = 0;
			defaultConfigurationName = Release;
		};
		D33D9F442A9D2A1C00498EA2 /* Build configuration list for PBXNativeTarget "authandsearch2" */ = {
			isa = XCConfigurationList;
			buildConfigurations = (
				D33D9F452A9D2A1C00498EA2 /* Debug */,
				D33D9F462A9D2A1C00498EA2 /* Release */,
			);
			defaultConfigurationIsVisible = 0;
			defaultConfigurationName = Release;
		};
/* End XCConfigurationList section */

/* Begin XCRemoteSwiftPackageReference section */
		D33D9F542A9D2C6E00498EA2 /* XCRemoteSwiftPackageReference "firebase-ios-sdk" */ = {
			isa = XCRemoteSwiftPackageReference;
			repositoryURL = "https://github.com/firebase/firebase-ios-sdk";
			requirement = {
				kind = upToNextMajorVersion;
				minimumVersion = 10.0.0;
			};
		};
/* End XCRemoteSwiftPackageReference section */

/* Begin XCSwiftPackageProductDependency section */
		D33D9F552A9D2C6E00498EA2 /* FirebaseAuth */ = {
			isa = XCSwiftPackageProductDependency;
			package = D33D9F542A9D2C6E00498EA2 /* XCRemoteSwiftPackageReference "firebase-ios-sdk" */;
			productName = FirebaseAuth;
		};
		D33D9F572A9D2C6E00498EA2 /* FirebaseFirestore */ = {
			isa = XCSwiftPackageProductDependency;
			package = D33D9F542A9D2C6E00498EA2 /* XCRemoteSwiftPackageReference "firebase-ios-sdk" */;
			productName = FirebaseFirestore;
		};
		D33D9F592A9D2C6E00498EA2 /* FirebaseFirestoreSwift */ = {
			isa = XCSwiftPackageProductDependency;
			package = D33D9F542A9D2C6E00498EA2 /* XCRemoteSwiftPackageReference "firebase-ios-sdk" */;
			productName = FirebaseFirestoreSwift;
		};
/* End XCSwiftPackageProductDependency section */
	};
	rootObject = D33D9F2E2A9D2A1A00498EA2 /* Project object */;
}
